PODS:
  - JGAlertController (0.0.4):
    - JGSourceBase (~> 0.1.0)
  - JGSourceBase (0.1.0):
    - JGSourceBase/Common (= 0.1.0)
  - JGSourceBase/Common (0.1.0)

DEPENDENCIES:
  - JGAlertController (from `.`)

SPEC REPOS:
  https://github.com/cocoapods/specs.git:
    - JGSourceBase

EXTERNAL SOURCES:
  JGAlertController:
    :path: "."

SPEC CHECKSUMS:
  JGAlertController: e57796f7f175aea99030a088e232b195d420558b
  JGSourceBase: 03fca616c3686a7197fcac672201d7f083fd7d8b

PODFILE CHECKSUM: 3b16c441f021ea2c05a5b2cf2d19d2fd8e00e1e0

COCOAPODS: 1.5.3
